PODS:
  - Flutter (1.0.0)
  - integration_test (0.0.1):
    - Flutter
  - midtrans_ios (0.0.1):
    - Flutter

DEPENDENCIES:
  - Flutter (from `Flutter`)
  - integration_test (from `.symlinks/plugins/integration_test/ios`)
  - midtrans_ios (from `.symlinks/plugins/midtrans_ios/ios`)

EXTERNAL SOURCES:
  Flutter:
    :path: Flutter
  integration_test:
    :path: ".symlinks/plugins/integration_test/ios"
  midtrans_ios:
    :path: ".symlinks/plugins/midtrans_ios/ios"

SPEC CHECKSUMS:
  Flutter: e0871f40cf51350855a761d2e70bf5af5b9b5de7
  integration_test: 252f60fa39af5e17c3aa9899d35d908a0721b573
  midtrans_ios: c5349aa3a8543c50fd5341bb02c374d6574a5b20

PODFILE CHECKSUM: 6e700dec67e6deac9b1c69bb14c49a2217a12d15

COCOAPODS: 1.15.2
