PODS:
  - Flutter (1.0.0)
  - integration_test (0.0.1):
    - Flutter
  - midtrans_ios (0.0.1):
    - Flutter
    - MidtransKit
  - MidtransCoreKit (1.27.1)
  - MidtransKit (1.27.1):
    - MidtransCoreKit (= 1.27.1)
    - MidtransKit/UI (= 1.27.1)
  - MidtransKit/UI (1.27.1):
    - MidtransCoreKit (= 1.27.1)

DEPENDENCIES:
  - Flutter (from `Flutter`)
  - integration_test (from `.symlinks/plugins/integration_test/ios`)
  - midtrans_ios (from `.symlinks/plugins/midtrans_ios/ios`)

SPEC REPOS:
  trunk:
    - MidtransCoreKit
    - MidtransKit

EXTERNAL SOURCES:
  Flutter:
    :path: Flutter
  integration_test:
    :path: ".symlinks/plugins/integration_test/ios"
  midtrans_ios:
    :path: ".symlinks/plugins/midtrans_ios/ios"

SPEC CHECKSUMS:
  Flutter: e0871f40cf51350855a761d2e70bf5af5b9b5de7
  integration_test: 252f60fa39af5e17c3aa9899d35d908a0721b573
  midtrans_ios: da2e009b69aaace396ac6ca91993026b37a7b245
  MidtransCoreKit: 73fb47e4c9d386553d63fb96d1eda17366b89ab7
  MidtransKit: 69ad9218be66e1298f12824611a03cebedf6a5b1

PODFILE CHECKSUM: 499e9c5288fac6076661052ba6be63a8c61bce0e

COCOAPODS: 1.16.2
